
Microsoft Visual Studio Solution File, Format Version 12.00
# Visual Studio Version 16
VisualStudioVersion = 16.0.30804.86
MinimumVisualStudioVersion = 10.0.40219.1
Project("{FAE04EC0-301F-11D3-BF4B-00C04F79EFBC}") = "InstrucaonivelSuperior", "InstrucaonivelSuperior.csproj", "{111E9407-46BE-4949-8214-C63F4F5EDBF7}"
EndProject
Project("{FAE04EC0-301F-11D3-BF4B-00C04F79EFBC}") = "UltimaVersaoNet", "..\UltimaVersaoNet\UltimaVersaoNet.csproj", "{2718D97E-4141-47B9-ACEA-B1A803AD9E06}"
EndProject
Project("{FAE04EC0-301F-11D3-BF4B-00C04F79EFBC}") = "NativeIntNet5", "..\NativeIntNet5\NativeIntNet5.csproj", "{6D7C2294-4486-4242-9349-7ED3378C65DA}"
EndProject
Project("{F2A71F9B-5D33-465A-A702-920D77279786}") = "TesteFSharp", "..\TesteFSharp\TesteFSharp.fsproj", "{16E9AD01-C768-45AD-8AFD-5437CF64C2E5}"
EndProject
Project("{FAE04EC0-301F-11D3-BF4B-00C04F79EFBC}") = "TesteVersaoAntigaNetCore", "..\TesteVersaoAntigaNetCore\TesteVersaoAntigaNetCore.csproj", "{A4CEC933-2E5D-4B0E-B576-886670573B5B}"
EndProject
Global
	GlobalSection(SolutionConfigurationPlatforms) = preSolution
		Debug|Any CPU = Debug|Any CPU
		Release|Any CPU = Release|Any CPU
	EndGlobalSection
	GlobalSection(ProjectConfigurationPlatforms) = postSolution
		{111E9407-46BE-4949-8214-C63F4F5EDBF7}.Debug|Any CPU.ActiveCfg = Debug|Any CPU
		{111E9407-46BE-4949-8214-C63F4F5EDBF7}.Debug|Any CPU.Build.0 = Debug|Any CPU
		{111E9407-46BE-4949-8214-C63F4F5EDBF7}.Release|Any CPU.ActiveCfg = Release|Any CPU
		{111E9407-46BE-4949-8214-C63F4F5EDBF7}.Release|Any CPU.Build.0 = Release|Any CPU
		{2718D97E-4141-47B9-ACEA-B1A803AD9E06}.Debug|Any CPU.ActiveCfg = Debug|Any CPU
		{2718D97E-4141-47B9-ACEA-B1A803AD9E06}.Debug|Any CPU.Build.0 = Debug|Any CPU
		{2718D97E-4141-47B9-ACEA-B1A803AD9E06}.Release|Any CPU.ActiveCfg = Release|Any CPU
		{2718D97E-4141-47B9-ACEA-B1A803AD9E06}.Release|Any CPU.Build.0 = Release|Any CPU
		{6D7C2294-4486-4242-9349-7ED3378C65DA}.Debug|Any CPU.ActiveCfg = Debug|Any CPU
		{6D7C2294-4486-4242-9349-7ED3378C65DA}.Debug|Any CPU.Build.0 = Debug|Any CPU
		{6D7C2294-4486-4242-9349-7ED3378C65DA}.Release|Any CPU.ActiveCfg = Release|Any CPU
		{6D7C2294-4486-4242-9349-7ED3378C65DA}.Release|Any CPU.Build.0 = Release|Any CPU
		{16E9AD01-C768-45AD-8AFD-5437CF64C2E5}.Debug|Any CPU.ActiveCfg = Debug|Any CPU
		{16E9AD01-C768-45AD-8AFD-5437CF64C2E5}.Debug|Any CPU.Build.0 = Debug|Any CPU
		{16E9AD01-C768-45AD-8AFD-5437CF64C2E5}.Release|Any CPU.ActiveCfg = Release|Any CPU
		{16E9AD01-C768-45AD-8AFD-5437CF64C2E5}.Release|Any CPU.Build.0 = Release|Any CPU
		{A4CEC933-2E5D-4B0E-B576-886670573B5B}.Debug|Any CPU.ActiveCfg = Debug|Any CPU
		{A4CEC933-2E5D-4B0E-B576-886670573B5B}.Debug|Any CPU.Build.0 = Debug|Any CPU
		{A4CEC933-2E5D-4B0E-B576-886670573B5B}.Release|Any CPU.ActiveCfg = Release|Any CPU
		{A4CEC933-2E5D-4B0E-B576-886670573B5B}.Release|Any CPU.Build.0 = Release|Any CPU
	EndGlobalSection
	GlobalSection(SolutionProperties) = preSolution
		HideSolutionNode = FALSE
	EndGlobalSection
	GlobalSection(ExtensibilityGlobals) = postSolution
		SolutionGuid = {E1BFD49C-58D2-42B3-BD4C-579D1095D39F}
	EndGlobalSection
EndGlobal
